// !$*UTF8*$!
{
	archiveVersion = 1;
	classes = {
	};
	objectVersion = 50;
	objects = {

/* Begin PBXBuildFile section */
		211C996E21636695003E4196 /* Post.swift in Sources */ = {isa = PBXBuildFile; fileRef = 211C996D21636695003E4196 /* Post.swift */; };
		215C1192216CA9EF0033DDD8 /* InfiniteScrollActivityView.swift in Sources */ = {isa = PBXBuildFile; fileRef = 215C1191216CA9EF0033DDD8 /* InfiniteScrollActivityView.swift */; };
		2190A3BA215DAA1D0057A41B /* AppDelegate.swift in Sources */ = {isa = PBXBuildFile; fileRef = 2190A3B9215DAA1D0057A41B /* AppDelegate.swift */; };
		2190A3BC215DAA1D0057A41B /* FeedViewController.swift in Sources */ = {isa = PBXBuildFile; fileRef = 2190A3BB215DAA1D0057A41B /* FeedViewController.swift */; };
		2190A3BF215DAA1D0057A41B /* Main.storyboard in Resources */ = {isa = PBXBuildFile; fileRef = 2190A3BD215DAA1D0057A41B /* Main.storyboard */; };
		2190A3C1215DAA1E0057A41B /* Assets.xcassets in Resources */ = {isa = PBXBuildFile; fileRef = 2190A3C0215DAA1E0057A41B /* Assets.xcassets */; };
		2190A3C4215DAA1E0057A41B /* LaunchScreen.storyboard in Resources */ = {isa = PBXBuildFile; fileRef = 2190A3C2215DAA1E0057A41B /* LaunchScreen.storyboard */; };
		2190A3CF215DAA1E0057A41B /* Instagram_DemoTests.swift in Sources */ = {isa = PBXBuildFile; fileRef = 2190A3CE215DAA1E0057A41B /* Instagram_DemoTests.swift */; };
		2190A3DA215DAA1E0057A41B /* Instagram_DemoUITests.swift in Sources */ = {isa = PBXBuildFile; fileRef = 2190A3D9215DAA1E0057A41B /* Instagram_DemoUITests.swift */; };
		2190BB16216376E4002C2E32 /* FeedCell.swift in Sources */ = {isa = PBXBuildFile; fileRef = 2190BB15216376E4002C2E32 /* FeedCell.swift */; };
		2196E848216300EF00FEEE93 /* ProfileViewController.swift in Sources */ = {isa = PBXBuildFile; fileRef = 2196E847216300EF00FEEE93 /* ProfileViewController.swift */; };
		2196E84A216308E300FEEE93 /* CameraViewController.swift in Sources */ = {isa = PBXBuildFile; fileRef = 2196E849216308E300FEEE93 /* CameraViewController.swift */; };
		219A49702162DEEB00805ADA /* LoginViewController.swift in Sources */ = {isa = PBXBuildFile; fileRef = 219A496F2162DEEB00805ADA /* LoginViewController.swift */; };
		21DF9561216CA2F0008F9192 /* DetailViewController.swift in Sources */ = {isa = PBXBuildFile; fileRef = 21DF9560216CA2F0008F9192 /* DetailViewController.swift */; };
		450CAC1A3070F82251D0FB1B /* Pods_Instagram_DemoUITests.framework in Frameworks */ = {isa = PBXBuildFile; fileRef = 978F23D4CC2C6034F26A6F30 /* Pods_Instagram_DemoUITests.framework */; };
		9DD04BCE418D940B47AA02C1 /* Pods_Instagram_DemoTests.framework in Frameworks */ = {isa = PBXBuildFile; fileRef = ABC721745630F3436B6EA840 /* Pods_Instagram_DemoTests.framework */; };
		F993CFC603D81802B47C47BE /* Pods_Instagram_Demo.framework in Frameworks */ = {isa = PBXBuildFile; fileRef = 785F6DF0A21EE222CFB3C7CD /* Pods_Instagram_Demo.framework */; };
/* End PBXBuildFile section */

/* Begin PBXContainerItemProxy section */
		2190A3CB215DAA1E0057A41B /* PBXContainerItemProxy */ = {
			isa = PBXContainerItemProxy;
			containerPortal = 2190A3AE215DAA1D0057A41B /* Project object */;
			proxyType = 1;
			remoteGlobalIDString = 2190A3B5215DAA1D0057A41B;
			remoteInfo = "Instagram-Demo";
		};
		2190A3D6215DAA1E0057A41B /* PBXContainerItemProxy */ = {
			isa = PBXContainerItemProxy;
			containerPortal = 2190A3AE215DAA1D0057A41B /* Project object */;
			proxyType = 1;
			remoteGlobalIDString = 2190A3B5215DAA1D0057A41B;
			remoteInfo = "Instagram-Demo";
		};
/* End PBXContainerItemProxy section */

/* Begin PBXFileReference section */
		211C996D21636695003E4196 /* Post.swift */ = {isa = PBXFileReference; lastKnownFileType = sourcecode.swift; path = Post.swift; sourceTree = "<group>"; };
		215C1191216CA9EF0033DDD8 /* InfiniteScrollActivityView.swift */ = {isa = PBXFileReference; lastKnownFileType = sourcecode.swift; path = InfiniteScrollActivityView.swift; sourceTree = "<group>"; };
		2190A3B6215DAA1D0057A41B /* Instagram-Demo.app */ = {isa = PBXFileReference; explicitFileType = wrapper.application; includeInIndex = 0; path = "Instagram-Demo.app"; sourceTree = BUILT_PRODUCTS_DIR; };
		2190A3B9215DAA1D0057A41B /* AppDelegate.swift */ = {isa = PBXFileReference; lastKnownFileType = sourcecode.swift; path = AppDelegate.swift; sourceTree = "<group>"; };
		2190A3BB215DAA1D0057A41B /* FeedViewController.swift */ = {isa = PBXFileReference; lastKnownFileType = sourcecode.swift; path = FeedViewController.swift; sourceTree = "<group>"; };
		2190A3BE215DAA1D0057A41B /* Base */ = {isa = PBXFileReference; lastKnownFileType = file.storyboard; name = Base; path = Base.lproj/Main.storyboard; sourceTree = "<group>"; };
		2190A3C0215DAA1E0057A41B /* Assets.xcassets */ = {isa = PBXFileReference; lastKnownFileType = folder.assetcatalog; path = Assets.xcassets; sourceTree = "<group>"; };
		2190A3C3215DAA1E0057A41B /* Base */ = {isa = PBXFileReference; lastKnownFileType = file.storyboard; name = Base; path = Base.lproj/LaunchScreen.storyboard; sourceTree = "<group>"; };
		2190A3C5215DAA1E0057A41B /* Info.plist */ = {isa = PBXFileReference; lastKnownFileType = text.plist.xml; path = Info.plist; sourceTree = "<group>"; };
		2190A3CA215DAA1E0057A41B /* Instagram-DemoTests.xctest */ = {isa = PBXFileReference; explicitFileType = wrapper.cfbundle; includeInIndex = 0; path = "Instagram-DemoTests.xctest"; sourceTree = BUILT_PRODUCTS_DIR; };
		2190A3CE215DAA1E0057A41B /* Instagram_DemoTests.swift */ = {isa = PBXFileReference; lastKnownFileType = sourcecode.swift; path = Instagram_DemoTests.swift; sourceTree = "<group>"; };
		2190A3D0215DAA1E0057A41B /* Info.plist */ = {isa = PBXFileReference; lastKnownFileType = text.plist.xml; path = Info.plist; sourceTree = "<group>"; };
		2190A3D5215DAA1E0057A41B /* Instagram-DemoUITests.xctest */ = {isa = PBXFileReference; explicitFileType = wrapper.cfbundle; includeInIndex = 0; path = "Instagram-DemoUITests.xctest"; sourceTree = BUILT_PRODUCTS_DIR; };
		2190A3D9215DAA1E0057A41B /* Instagram_DemoUITests.swift */ = {isa = PBXFileReference; lastKnownFileType = sourcecode.swift; path = Instagram_DemoUITests.swift; sourceTree = "<group>"; };
		2190A3DB215DAA1E0057A41B /* Info.plist */ = {isa = PBXFileReference; lastKnownFileType = text.plist.xml; path = Info.plist; sourceTree = "<group>"; };
		2190BB15216376E4002C2E32 /* FeedCell.swift */ = {isa = PBXFileReference; lastKnownFileType = sourcecode.swift; path = FeedCell.swift; sourceTree = "<group>"; };
		2196E847216300EF00FEEE93 /* ProfileViewController.swift */ = {isa = PBXFileReference; lastKnownFileType = sourcecode.swift; path = ProfileViewController.swift; sourceTree = "<group>"; };
		2196E849216308E300FEEE93 /* CameraViewController.swift */ = {isa = PBXFileReference; lastKnownFileType = sourcecode.swift; path = CameraViewController.swift; sourceTree = "<group>"; };
		219A496F2162DEEB00805ADA /* LoginViewController.swift */ = {isa = PBXFileReference; lastKnownFileType = sourcecode.swift; path = LoginViewController.swift; sourceTree = "<group>"; };
		21DF9560216CA2F0008F9192 /* DetailViewController.swift */ = {isa = PBXFileReference; lastKnownFileType = sourcecode.swift; path = DetailViewController.swift; sourceTree = "<group>"; };
		3FC80DAA1EAE4335E04DC256 /* Pods-Instagram-Demo.release.xcconfig */ = {isa = PBXFileReference; includeInIndex = 1; lastKnownFileType = text.xcconfig; name = "Pods-Instagram-Demo.release.xcconfig"; path = "Pods/Target Support Files/Pods-Instagram-Demo/Pods-Instagram-Demo.release.xcconfig"; sourceTree = "<group>"; };
		55B492C0E4E67BD2D7E0AF3D /* Pods-Instagram-DemoUITests.release.xcconfig */ = {isa = PBXFileReference; includeInIndex = 1; lastKnownFileType = text.xcconfig; name = "Pods-Instagram-DemoUITests.release.xcconfig"; path = "Pods/Target Support Files/Pods-Instagram-DemoUITests/Pods-Instagram-DemoUITests.release.xcconfig"; sourceTree = "<group>"; };
		687A0054210222A6B90B3CE2 /* Pods-Instagram-DemoTests.debug.xcconfig */ = {isa = PBXFileReference; includeInIndex = 1; lastKnownFileType = text.xcconfig; name = "Pods-Instagram-DemoTests.debug.xcconfig"; path = "Pods/Target Support Files/Pods-Instagram-DemoTests/Pods-Instagram-DemoTests.debug.xcconfig"; sourceTree = "<group>"; };
		6CCBE2008AF251FDA321A74B /* Pods-Instagram-Demo.debug.xcconfig */ = {isa = PBXFileReference; includeInIndex = 1; lastKnownFileType = text.xcconfig; name = "Pods-Instagram-Demo.debug.xcconfig"; path = "Pods/Target Support Files/Pods-Instagram-Demo/Pods-Instagram-Demo.debug.xcconfig"; sourceTree = "<group>"; };
		785F6DF0A21EE222CFB3C7CD /* Pods_Instagram_Demo.framework */ = {isa = PBXFileReference; explicitFileType = wrapper.framework; includeInIndex = 0; path = Pods_Instagram_Demo.framework; sourceTree = BUILT_PRODUCTS_DIR; };
		978F23D4CC2C6034F26A6F30 /* Pods_Instagram_DemoUITests.framework */ = {isa = PBXFileReference; explicitFileType = wrapper.framework; includeInIndex = 0; path = Pods_Instagram_DemoUITests.framework; sourceTree = BUILT_PRODUCTS_DIR; };
		ABC721745630F3436B6EA840 /* Pods_Instagram_DemoTests.framework */ = {isa = PBXFileReference; explicitFileType = wrapper.framework; includeInIndex = 0; path = Pods_Instagram_DemoTests.framework; sourceTree = BUILT_PRODUCTS_DIR; };
		C0EA3E6BF65FB363042F2C03 /* Pods-Instagram-DemoTests.release.xcconfig */ = {isa = PBXFileReference; includeInIndex = 1; lastKnownFileType = text.xcconfig; name = "Pods-Instagram-DemoTests.release.xcconfig"; path = "Pods/Target Support Files/Pods-Instagram-DemoTests/Pods-Instagram-DemoTests.release.xcconfig"; sourceTree = "<group>"; };
		D7D6595D1EA8BF7B176C64D9 /* Pods-Instagram-DemoUITests.debug.xcconfig */ = {isa = PBXFileReference; includeInIndex = 1; lastKnownFileType = text.xcconfig; name = "Pods-Instagram-DemoUITests.debug.xcconfig"; path = "Pods/Target Support Files/Pods-Instagram-DemoUITests/Pods-Instagram-DemoUITests.debug.xcconfig"; sourceTree = "<group>"; };
/* End PBXFileReference section */

/* Begin PBXFrameworksBuildPhase section */
		2190A3B3215DAA1D0057A41B /* Frameworks */ = {
			isa = PBXFrameworksBuildPhase;
			buildActionMask = 2147483647;
			files = (
				F993CFC603D81802B47C47BE /* Pods_Instagram_Demo.framework in Frameworks */,
			);
			runOnlyForDeploymentPostprocessing = 0;
		};
		2190A3C7215DAA1E0057A41B /* Frameworks */ = {
			isa = PBXFrameworksBuildPhase;
			buildActionMask = 2147483647;
			files = (
				9DD04BCE418D940B47AA02C1 /* Pods_Instagram_DemoTests.framework in Frameworks */,
			);
			runOnlyForDeploymentPostprocessing = 0;
		};
		2190A3D2215DAA1E0057A41B /* Frameworks */ = {
			isa = PBXFrameworksBuildPhase;
			buildActionMask = 2147483647;
			files = (
				450CAC1A3070F82251D0FB1B /* Pods_Instagram_DemoUITests.framework in Frameworks */,
			);
			runOnlyForDeploymentPostprocessing = 0;
		};
/* End PBXFrameworksBuildPhase section */

/* Begin PBXGroup section */
		2190A3AD215DAA1D0057A41B = {
			isa = PBXGroup;
			children = (
				2190A3B8215DAA1D0057A41B /* Instagram-Demo */,
				2190A3CD215DAA1E0057A41B /* Instagram-DemoTests */,
				2190A3D8215DAA1E0057A41B /* Instagram-DemoUITests */,
				2190A3B7215DAA1D0057A41B /* Products */,
				E19E0B69B32F289D669B66DB /* Pods */,
				BBB3A01D155FC52839CEEB62 /* Frameworks */,
			);
			sourceTree = "<group>";
		};
		2190A3B7215DAA1D0057A41B /* Products */ = {
			isa = PBXGroup;
			children = (
				2190A3B6215DAA1D0057A41B /* Instagram-Demo.app */,
				2190A3CA215DAA1E0057A41B /* Instagram-DemoTests.xctest */,
				2190A3D5215DAA1E0057A41B /* Instagram-DemoUITests.xctest */,
			);
			name = Products;
			sourceTree = "<group>";
		};
		2190A3B8215DAA1D0057A41B /* Instagram-Demo */ = {
			isa = PBXGroup;
			children = (
				2190BB14216376C7002C2E32 /* Views */,
				219A496E2162DEC800805ADA /* ViewControllers */,
				2190A3B9215DAA1D0057A41B /* AppDelegate.swift */,
				2190A3BD215DAA1D0057A41B /* Main.storyboard */,
				2190A3C0215DAA1E0057A41B /* Assets.xcassets */,
				2190A3C2215DAA1E0057A41B /* LaunchScreen.storyboard */,
				2190A3C5215DAA1E0057A41B /* Info.plist */,
			);
			path = "Instagram-Demo";
			sourceTree = "<group>";
		};
		2190A3CD215DAA1E0057A41B /* Instagram-DemoTests */ = {
			isa = PBXGroup;
			children = (
				2190A3CE215DAA1E0057A41B /* Instagram_DemoTests.swift */,
				2190A3D0215DAA1E0057A41B /* Info.plist */,
			);
			path = "Instagram-DemoTests";
			sourceTree = "<group>";
		};
		2190A3D8215DAA1E0057A41B /* Instagram-DemoUITests */ = {
			isa = PBXGroup;
			children = (
				2190A3D9215DAA1E0057A41B /* Instagram_DemoUITests.swift */,
				2190A3DB215DAA1E0057A41B /* Info.plist */,
			);
			path = "Instagram-DemoUITests";
			sourceTree = "<group>";
		};
		2190BB14216376C7002C2E32 /* Views */ = {
			isa = PBXGroup;
			children = (
				211C996D21636695003E4196 /* Post.swift */,
				2190BB15216376E4002C2E32 /* FeedCell.swift */,
				215C1191216CA9EF0033DDD8 /* InfiniteScrollActivityView.swift */,
			);
			path = Views;
			sourceTree = "<group>";
		};
		219A496E2162DEC800805ADA /* ViewControllers */ = {
			isa = PBXGroup;
			children = (
				2190A3BB215DAA1D0057A41B /* FeedViewController.swift */,
				219A496F2162DEEB00805ADA /* LoginViewController.swift */,
				2196E847216300EF00FEEE93 /* ProfileViewController.swift */,
				2196E849216308E300FEEE93 /* CameraViewController.swift */,
				21DF9560216CA2F0008F9192 /* DetailViewController.swift */,
			);
			path = ViewControllers;
			sourceTree = "<group>";
		};
		BBB3A01D155FC52839CEEB62 /* Frameworks */ = {
			isa = PBXGroup;
			children = (
				785F6DF0A21EE222CFB3C7CD /* Pods_Instagram_Demo.framework */,
				ABC721745630F3436B6EA840 /* Pods_Instagram_DemoTests.framework */,
				978F23D4CC2C6034F26A6F30 /* Pods_Instagram_DemoUITests.framework */,
			);
			name = Frameworks;
			sourceTree = "<group>";
		};
		E19E0B69B32F289D669B66DB /* Pods */ = {
			isa = PBXGroup;
			children = (
				6CCBE2008AF251FDA321A74B /* Pods-Instagram-Demo.debug.xcconfig */,
				3FC80DAA1EAE4335E04DC256 /* Pods-Instagram-Demo.release.xcconfig */,
				687A0054210222A6B90B3CE2 /* Pods-Instagram-DemoTests.debug.xcconfig */,
				C0EA3E6BF65FB363042F2C03 /* Pods-Instagram-DemoTests.release.xcconfig */,
				D7D6595D1EA8BF7B176C64D9 /* Pods-Instagram-DemoUITests.debug.xcconfig */,
				55B492C0E4E67BD2D7E0AF3D /* Pods-Instagram-DemoUITests.release.xcconfig */,
			);
			name = Pods;
			sourceTree = "<group>";
		};
/* End PBXGroup section */

/* Begin PBXNativeTarget section */
		2190A3B5215DAA1D0057A41B /* Instagram-Demo */ = {
			isa = PBXNativeTarget;
			buildConfigurationList = 2190A3DE215DAA1E0057A41B /* Build configuration list for PBXNativeTarget "Instagram-Demo" */;
			buildPhases = (
				AB51642299B28BCD4CB05A7C /* [CP] Check Pods Manifest.lock */,
				2190A3B2215DAA1D0057A41B /* Sources */,
				2190A3B3215DAA1D0057A41B /* Frameworks */,
				2190A3B4215DAA1D0057A41B /* Resources */,
				56C1DF5F73003119715E5702 /* [CP] Embed Pods Frameworks */,
			);
			buildRules = (
			);
			dependencies = (
			);
			name = "Instagram-Demo";
			productName = "Instagram-Demo";
			productReference = 2190A3B6215DAA1D0057A41B /* Instagram-Demo.app */;
			productType = "com.apple.product-type.application";
		};
		2190A3C9215DAA1E0057A41B /* Instagram-DemoTests */ = {
			isa = PBXNativeTarget;
			buildConfigurationList = 2190A3E1215DAA1E0057A41B /* Build configuration list for PBXNativeTarget "Instagram-DemoTests" */;
			buildPhases = (
				6505CC203C7D561BC9600C89 /* [CP] Check Pods Manifest.lock */,
				2190A3C6215DAA1E0057A41B /* Sources */,
				2190A3C7215DAA1E0057A41B /* Frameworks */,
				2190A3C8215DAA1E0057A41B /* Resources */,
			);
			buildRules = (
			);
			dependencies = (
				2190A3CC215DAA1E0057A41B /* PBXTargetDependency */,
			);
			name = "Instagram-DemoTests";
			productName = "Instagram-DemoTests";
			productReference = 2190A3CA215DAA1E0057A41B /* Instagram-DemoTests.xctest */;
			productType = "com.apple.product-type.bundle.unit-test";
		};
		2190A3D4215DAA1E0057A41B /* Instagram-DemoUITests */ = {
			isa = PBXNativeTarget;
			buildConfigurationList = 2190A3E4215DAA1E0057A41B /* Build configuration list for PBXNativeTarget "Instagram-DemoUITests" */;
			buildPhases = (
				7A27A0A7DFC416626762DAB0 /* [CP] Check Pods Manifest.lock */,
				2190A3D1215DAA1E0057A41B /* Sources */,
				2190A3D2215DAA1E0057A41B /* Frameworks */,
				2190A3D3215DAA1E0057A41B /* Resources */,
			);
			buildRules = (
			);
			dependencies = (
				2190A3D7215DAA1E0057A41B /* PBXTargetDependency */,
			);
			name = "Instagram-DemoUITests";
			productName = "Instagram-DemoUITests";
			productReference = 2190A3D5215DAA1E0057A41B /* Instagram-DemoUITests.xctest */;
			productType = "com.apple.product-type.bundle.ui-testing";
		};
/* End PBXNativeTarget section */

/* Begin PBXProject section */
		2190A3AE215DAA1D0057A41B /* Project object */ = {
			isa = PBXProject;
			attributes = {
				LastSwiftUpdateCheck = 1000;
				LastUpgradeCheck = 1000;
				ORGANIZATIONNAME = "Amzad Chowdhury";
				TargetAttributes = {
					2190A3B5215DAA1D0057A41B = {
						CreatedOnToolsVersion = 10.0;
					};
					2190A3C9215DAA1E0057A41B = {
						CreatedOnToolsVersion = 10.0;
						TestTargetID = 2190A3B5215DAA1D0057A41B;
					};
					2190A3D4215DAA1E0057A41B = {
						CreatedOnToolsVersion = 10.0;
						TestTargetID = 2190A3B5215DAA1D0057A41B;
					};
				};
			};
			buildConfigurationList = 2190A3B1215DAA1D0057A41B /* Build configuration list for PBXProject "Instagram-Demo" */;
			compatibilityVersion = "Xcode 9.3";
			developmentRegion = en;
			hasScannedForEncodings = 0;
			knownRegions = (
				en,
				Base,
			);
			mainGroup = 2190A3AD215DAA1D0057A41B;
			productRefGroup = 2190A3B7215DAA1D0057A41B /* Products */;
			projectDirPath = "";
			projectRoot = "";
			targets = (
				2190A3B5215DAA1D0057A41B /* Instagram-Demo */,
				2190A3C9215DAA1E0057A41B /* Instagram-DemoTests */,
				2190A3D4215DAA1E0057A41B /* Instagram-DemoUITests */,
			);
		};
/* End PBXProject section */

/* Begin PBXResourcesBuildPhase section */
		2190A3B4215DAA1D0057A41B /* Resources */ = {
			isa = PBXResourcesBuildPhase;
			buildActionMask = 2147483647;
			files = (
				2190A3C4215DAA1E0057A41B /* LaunchScreen.storyboard in Resources */,
				2190A3C1215DAA1E0057A41B /* Assets.xcassets in Resources */,
				2190A3BF215DAA1D0057A41B /* Main.storyboard in Resources */,
			);
			runOnlyForDeploymentPostprocessing = 0;
		};
		2190A3C8215DAA1E0057A41B /* Resources */ = {
			isa = PBXResourcesBuildPhase;
			buildActionMask = 2147483647;
			files = (
			);
			runOnlyForDeploymentPostprocessing = 0;
		};
		2190A3D3215DAA1E0057A41B /* Resources */ = {
			isa = PBXResourcesBuildPhase;
			buildActionMask = 2147483647;
			files = (
			);
			runOnlyForDeploymentPostprocessing = 0;
		};
/* End PBXResourcesBuildPhase section */

/* Begin PBXShellScriptBuildPhase section */
		56C1DF5F73003119715E5702 /* [CP] Embed Pods Frameworks */ = {
			isa = PBXShellScriptBuildPhase;
			buildActionMask = 2147483647;
			files = (
			);
			inputFileListPaths = (
			);
			inputPaths = (
				"${SRCROOT}/Pods/Target Support Files/Pods-Instagram-Demo/Pods-Instagram-Demo-frameworks.sh",
				"${BUILT_PRODUCTS_DIR}/Bolts-Swift/BoltsSwift.framework",
				"${BUILT_PRODUCTS_DIR}/Bolts/Bolts.framework",
				"${BUILT_PRODUCTS_DIR}/Parse/Parse.framework",
				"${BUILT_PRODUCTS_DIR}/ParseLiveQuery/ParseLiveQuery.framework",
				"${BUILT_PRODUCTS_DIR}/Starscream/Starscream.framework",
			);
			name = "[CP] Embed Pods Frameworks";
			outputFileListPaths = (
			);
			outputPaths = (
				"${TARGET_BUILD_DIR}/${FRAMEWORKS_FOLDER_PATH}/BoltsSwift.framework",
				"${TARGET_BUILD_DIR}/${FRAMEWORKS_FOLDER_PATH}/Bolts.framework",
				"${TARGET_BUILD_DIR}/${FRAMEWORKS_FOLDER_PATH}/Parse.framework",
				"${TARGET_BUILD_DIR}/${FRAMEWORKS_FOLDER_PATH}/ParseLiveQuery.framework",
				"${TARGET_BUILD_DIR}/${FRAMEWORKS_FOLDER_PATH}/Starscream.framework",
			);
			runOnlyForDeploymentPostprocessing = 0;
			shellPath = /bin/sh;
			shellScript = "\"${SRCROOT}/Pods/Target Support Files/Pods-Instagram-Demo/Pods-Instagram-Demo-frameworks.sh\"\n";
			showEnvVarsInLog = 0;
		};
		6505CC203C7D561BC9600C89 /* [CP] Check Pods Manifest.lock */ = {
			isa = PBXShellScriptBuildPhase;
			buildActionMask = 2147483647;
			files = (
			);
			inputFileListPaths = (
			);
			inputPaths = (
				"${PODS_PODFILE_DIR_PATH}/Podfile.lock",
				"${PODS_ROOT}/Manifest.lock",
			);
			name = "[CP] Check Pods Manifest.lock";
			outputFileListPaths = (
			);
			outputPaths = (
				"$(DERIVED_FILE_DIR)/Pods-Instagram-DemoTests-checkManifestLockResult.txt",
			);
			runOnlyForDeploymentPostprocessing = 0;
			shellPath = /bin/sh;
			shellScript = "diff \"${PODS_PODFILE_DIR_PATH}/Podfile.lock\" \"${PODS_ROOT}/Manifest.lock\" > /dev/null\nif [ $? != 0 ] ; then\n    # print error to STDERR\n    echo \"error: The sandbox is not in sync with the Podfile.lock. Run 'pod install' or update your CocoaPods installation.\" >&2\n    exit 1\nfi\n# This output is used by Xcode 'outputs' to avoid re-running this script phase.\necho \"SUCCESS\" > \"${SCRIPT_OUTPUT_FILE_0}\"\n";
			showEnvVarsInLog = 0;
		};
		7A27A0A7DFC416626762DAB0 /* [CP] Check Pods Manifest.lock */ = {
			isa = PBXShellScriptBuildPhase;
			buildActionMask = 2147483647;
			files = (
			);
			inputFileListPaths = (
			);
			inputPaths = (
				"${PODS_PODFILE_DIR_PATH}/Podfile.lock",
				"${PODS_ROOT}/Manifest.lock",
			);
			name = "[CP] Check Pods Manifest.lock";
			outputFileListPaths = (
			);
			outputPaths = (
				"$(DERIVED_FILE_DIR)/Pods-Instagram-DemoUITests-checkManifestLockResult.txt",
			);
			runOnlyForDeploymentPostprocessing = 0;
			shellPath = /bin/sh;
			shellScript = "diff \"${PODS_PODFILE_DIR_PATH}/Podfile.lock\" \"${PODS_ROOT}/Manifest.lock\" > /dev/null\nif [ $? != 0 ] ; then\n    # print error to STDERR\n    echo \"error: The sandbox is not in sync with the Podfile.lock. Run 'pod install' or update your CocoaPods installation.\" >&2\n    exit 1\nfi\n# This output is used by Xcode 'outputs' to avoid re-running this script phase.\necho \"SUCCESS\" > \"${SCRIPT_OUTPUT_FILE_0}\"\n";
			showEnvVarsInLog = 0;
		};
		AB51642299B28BCD4CB05A7C /* [CP] Check Pods Manifest.lock */ = {
			isa = PBXShellScriptBuildPhase;
			buildActionMask = 2147483647;
			files = (
			);
			inputFileListPaths = (
			);
			inputPaths = (
				"${PODS_PODFILE_DIR_PATH}/Podfile.lock",
				"${PODS_ROOT}/Manifest.lock",
			);
			name = "[CP] Check Pods Manifest.lock";
			outputFileListPaths = (
			);
			outputPaths = (
				"$(DERIVED_FILE_DIR)/Pods-Instagram-Demo-checkManifestLockResult.txt",
			);
			runOnlyForDeploymentPostprocessing = 0;
			shellPath = /bin/sh;
			shellScript = "diff \"${PODS_PODFILE_DIR_PATH}/Podfile.lock\" \"${PODS_ROOT}/Manifest.lock\" > /dev/null\nif [ $? != 0 ] ; then\n    # print error to STDERR\n    echo \"error: The sandbox is not in sync with the Podfile.lock. Run 'pod install' or update your CocoaPods installation.\" >&2\n    exit 1\nfi\n# This output is used by Xcode 'outputs' to avoid re-running this script phase.\necho \"SUCCESS\" > \"${SCRIPT_OUTPUT_FILE_0}\"\n";
			showEnvVarsInLog = 0;
		};
/* End PBXShellScriptBuildPhase section */

/* Begin PBXSourcesBuildPhase section */
		2190A3B2215DAA1D0057A41B /* Sources */ = {
			isa = PBXSourcesBuildPhase;
			buildActionMask = 2147483647;
			files = (
				215C1192216CA9EF0033DDD8 /* InfiniteScrollActivityView.swift in Sources */,
				2190BB16216376E4002C2E32 /* FeedCell.swift in Sources */,
				219A49702162DEEB00805ADA /* LoginViewController.swift in Sources */,
				21DF9561216CA2F0008F9192 /* DetailViewController.swift in Sources */,
				2196E84A216308E300FEEE93 /* CameraViewController.swift in Sources */,
				2190A3BC215DAA1D0057A41B /* FeedViewController.swift in Sources */,
				211C996E21636695003E4196 /* Post.swift in Sources */,
				2196E848216300EF00FEEE93 /* ProfileViewController.swift in Sources */,
				2190A3BA215DAA1D0057A41B /* AppDelegate.swift in Sources */,
			);
			runOnlyForDeploymentPostprocessing = 0;
		};
		2190A3C6215DAA1E0057A41B /* Sources */ = {
			isa = PBXSourcesBuildPhase;
			buildActionMask = 2147483647;
			files = (
				2190A3CF215DAA1E0057A41B /* Instagram_DemoTests.swift in Sources */,
			);
			runOnlyForDeploymentPostprocessing = 0;
		};
		2190A3D1215DAA1E0057A41B /* Sources */ = {
			isa = PBXSourcesBuildPhase;
			buildActionMask = 2147483647;
			files = (
				2190A3DA215DAA1E0057A41B /* Instagram_DemoUITests.swift in Sources */,
			);
			runOnlyForDeploymentPostprocessing = 0;
		};
/* End PBXSourcesBuildPhase section */

/* Begin PBXTargetDependency section */
		2190A3CC215DAA1E0057A41B /* PBXTargetDependency */ = {
			isa = PBXTargetDependency;
			target = 2190A3B5215DAA1D0057A41B /* Instagram-Demo */;
			targetProxy = 2190A3CB215DAA1E0057A41B /* PBXContainerItemProxy */;
		};
		2190A3D7215DAA1E0057A41B /* PBXTargetDependency */ = {
			isa = PBXTargetDependency;
			target = 2190A3B5215DAA1D0057A41B /* Instagram-Demo */;
			targetProxy = 2190A3D6215DAA1E0057A41B /* PBXContainerItemProxy */;
		};
/* End PBXTargetDependency section */

/* Begin PBXVariantGroup section */
		2190A3BD215DAA1D0057A41B /* Main.storyboard */ = {
			isa = PBXVariantGroup;
			children = (
				2190A3BE215DAA1D0057A41B /* Base */,
			);
			name = Main.storyboard;
			sourceTree = "<group>";
		};
		2190A3C2215DAA1E0057A41B /* LaunchScreen.storyboard */ = {
			isa = PBXVariantGroup;
			children = (
				2190A3C3215DAA1E0057A41B /* Base */,
			);
			name = LaunchScreen.storyboard;
			sourceTree = "<group>";
		};
/* End PBXVariantGroup section */

/* Begin XCBuildConfiguration section */
		2190A3DC215DAA1E0057A41B /* Debug */ = {
			isa = XCBuildConfiguration;
			buildSettings = {
				ALWAYS_SEARCH_USER_PATHS = NO;
				CLANG_ANALYZER_NONNULL = YES;
				CLANG_ANALYZER_NUMBER_OBJECT_CONVERSION = YES_AGGRESSIVE;
				CLANG_CXX_LANGUAGE_STANDARD = "gnu++14";
				CLANG_CXX_LIBRARY = "libc++";
				CLANG_ENABLE_MODULES = YES;
				CLANG_ENABLE_OBJC_ARC = YES;
				CLANG_ENABLE_OBJC_WEAK = YES;
				CLANG_WARN_BLOCK_CAPTURE_AUTORELEASING = YES;
				CLANG_WARN_BOOL_CONVERSION = YES;
				CLANG_WARN_COMMA = YES;
				CLANG_WARN_CONSTANT_CONVERSION = YES;
				CLANG_WARN_DEPRECATED_OBJC_IMPLEMENTATIONS = YES;
				CLANG_WARN_DIRECT_OBJC_ISA_USAGE = YES_ERROR;
				CLANG_WARN_DOCUMENTATION_COMMENTS = YES;
				CLANG_WARN_EMPTY_BODY = YES;
				CLANG_WARN_ENUM_CONVERSION = YES;
				CLANG_WARN_INFINITE_RECURSION = YES;
				CLANG_WARN_INT_CONVERSION = YES;
				CLANG_WARN_NON_LITERAL_NULL_CONVERSION = YES;
				CLANG_WARN_OBJC_IMPLICIT_RETAIN_SELF = YES;
				CLANG_WARN_OBJC_LITERAL_CONVERSION = YES;
				CLANG_WARN_OBJC_ROOT_CLASS = YES_ERROR;
				CLANG_WARN_RANGE_LOOP_ANALYSIS = YES;
				CLANG_WARN_STRICT_PROTOTYPES = YES;
				CLANG_WARN_SUSPICIOUS_MOVE = YES;
				CLANG_WARN_UNGUARDED_AVAILABILITY = YES_AGGRESSIVE;
				CLANG_WARN_UNREACHABLE_CODE = YES;
				CLANG_WARN__DUPLICATE_METHOD_MATCH = YES;
				CODE_SIGN_IDENTITY = "iPhone Developer";
				COPY_PHASE_STRIP = NO;
				DEBUG_INFORMATION_FORMAT = dwarf;
				ENABLE_STRICT_OBJC_MSGSEND = YES;
				ENABLE_TESTABILITY = YES;
				GCC_C_LANGUAGE_STANDARD = gnu11;
				GCC_DYNAMIC_NO_PIC = NO;
				GCC_NO_COMMON_BLOCKS = YES;
				GCC_OPTIMIZATION_LEVEL = 0;
				GCC_PREPROCESSOR_DEFINITIONS = (
					"DEBUG=1",
					"$(inherited)",
				);
				GCC_WARN_64_TO_32_BIT_CONVERSION = YES;
				GCC_WARN_ABOUT_RETURN_TYPE = YES_ERROR;
				GCC_WARN_UNDECLARED_SELECTOR = YES;
				GCC_WARN_UNINITIALIZED_AUTOS = YES_AGGRESSIVE;
				GCC_WARN_UNUSED_FUNCTION = YES;
				GCC_WARN_UNUSED_VARIABLE = YES;
				IPHONEOS_DEPLOYMENT_TARGET = 12.0;
				MTL_ENABLE_DEBUG_INFO = INCLUDE_SOURCE;
				MTL_FAST_MATH = YES;
				ONLY_ACTIVE_ARCH = YES;
				SDKROOT = iphoneos;
				SWIFT_ACTIVE_COMPILATION_CONDITIONS = DEBUG;
				SWIFT_OPTIMIZATION_LEVEL = "-Onone";
			};
			name = Debug;
		};
		2190A3DD215DAA1E0057A41B /* Release */ = {
			isa = XCBuildConfiguration;
			buildSettings = {
				ALWAYS_SEARCH_USER_PATHS = NO;
				CLANG_ANALYZER_NONNULL = YES;
				CLANG_ANALYZER_NUMBER_OBJECT_CONVERSION = YES_AGGRESSIVE;
				CLANG_CXX_LANGUAGE_STANDARD = "gnu++14";
				CLANG_CXX_LIBRARY = "libc++";
				CLANG_ENABLE_MODULES = YES;
				CLANG_ENABLE_OBJC_ARC = YES;
				CLANG_ENABLE_OBJC_WEAK = YES;
				CLANG_WARN_BLOCK_CAPTURE_AUTORELEASING = YES;
				CLANG_WARN_BOOL_CONVERSION = YES;
				CLANG_WARN_COMMA = YES;
				CLANG_WARN_CONSTANT_CONVERSION = YES;
				CLANG_WARN_DEPRECATED_OBJC_IMPLEMENTATIONS = YES;
				CLANG_WARN_DIRECT_OBJC_ISA_USAGE = YES_ERROR;
				CLANG_WARN_DOCUMENTATION_COMMENTS = YES;
				CLANG_WARN_EMPTY_BODY = YES;
				CLANG_WARN_ENUM_CONVERSION = YES;
				CLANG_WARN_INFINITE_RECURSION = YES;
				CLANG_WARN_INT_CONVERSION = YES;
				CLANG_WARN_NON_LITERAL_NULL_CONVERSION = YES;
				CLANG_WARN_OBJC_IMPLICIT_RETAIN_SELF = YES;
				CLANG_WARN_OBJC_LITERAL_CONVERSION = YES;
				CLANG_WARN_OBJC_ROOT_CLASS = YES_ERROR;
				CLANG_WARN_RANGE_LOOP_ANALYSIS = YES;
				CLANG_WARN_STRICT_PROTOTYPES = YES;
				CLANG_WARN_SUSPICIOUS_MOVE = YES;
				CLANG_WARN_UNGUARDED_AVAILABILITY = YES_AGGRESSIVE;
				CLANG_WARN_UNREACHABLE_CODE = YES;
				CLANG_WARN__DUPLICATE_METHOD_MATCH = YES;
				CODE_SIGN_IDENTITY = "iPhone Developer";
				COPY_PHASE_STRIP = NO;
				DEBUG_INFORMATION_FORMAT = "dwarf-with-dsym";
				ENABLE_NS_ASSERTIONS = NO;
				ENABLE_STRICT_OBJC_MSGSEND = YES;
				GCC_C_LANGUAGE_STANDARD = gnu11;
				GCC_NO_COMMON_BLOCKS = YES;
				GCC_WARN_64_TO_32_BIT_CONVERSION = YES;
				GCC_WARN_ABOUT_RETURN_TYPE = YES_ERROR;
				GCC_WARN_UNDECLARED_SELECTOR = YES;
				GCC_WARN_UNINITIALIZED_AUTOS = YES_AGGRESSIVE;
				GCC_WARN_UNUSED_FUNCTION = YES;
				GCC_WARN_UNUSED_VARIABLE = YES;
				IPHONEOS_DEPLOYMENT_TARGET = 12.0;
				MTL_ENABLE_DEBUG_INFO = NO;
				MTL_FAST_MATH = YES;
				SDKROOT = iphoneos;
				SWIFT_COMPILATION_MODE = wholemodule;
				SWIFT_OPTIMIZATION_LEVEL = "-O";
				VALIDATE_PRODUCT = YES;
			};
			name = Release;
		};
		2190A3DF215DAA1E0057A41B /* Debug */ = {
			isa = XCBuildConfiguration;
			baseConfigurationReference = 6CCBE2008AF251FDA321A74B /* Pods-Instagram-Demo.debug.xcconfig */;
			buildSettings = {
				ASSETCATALOG_COMPILER_APPICON_NAME = AppIcon;
				CODE_SIGN_STYLE = Automatic;
				DEVELOPMENT_TEAM = QZL9U7K99K;
				INFOPLIST_FILE = "Instagram-Demo/Info.plist";
				LD_RUNPATH_SEARCH_PATHS = (
					"$(inherited)",
					"@executable_path/Frameworks",
				);
				PRODUCT_BUNDLE_IDENTIFIER = "codepath.Instagram-Demo";
				PRODUCT_NAME = "$(TARGET_NAME)";
				SWIFT_VERSION = 4.2;
				TARGETED_DEVICE_FAMILY = "1,2";
			};
			name = Debug;
		};
		2190A3E0215DAA1E0057A41B /* Release */ = {
			isa = XCBuildConfiguration;
			baseConfigurationReference = 3FC80DAA1EAE4335E04DC256 /* Pods-Instagram-Demo.release.xcconfig */;
			buildSettings = {
				ASSETCATALOG_COMPILER_APPICON_NAME = AppIcon;
				CODE_SIGN_STYLE = Automatic;
				DEVELOPMENT_TEAM = QZL9U7K99K;
				INFOPLIST_FILE = "Instagram-Demo/Info.plist";
				LD_RUNPATH_SEARCH_PATHS = (
					"$(inherited)",
					"@executable_path/Frameworks",
				);
				PRODUCT_BUNDLE_IDENTIFIER = "codepath.Instagram-Demo";
				PRODUCT_NAME = "$(TARGET_NAME)";
				SWIFT_VERSION = 4.2;
				TARGETED_DEVICE_FAMILY = "1,2";
			};
			name = Release;
		};
		2190A3E2215DAA1E0057A41B /* Debug */ = {
			isa = XCBuildConfiguration;
			baseConfigurationReference = 687A0054210222A6B90B3CE2 /* Pods-Instagram-DemoTests.debug.xcconfig */;
			buildSettings = {
				ALWAYS_EMBED_SWIFT_STANDARD_LIBRARIES = YES;
				BUNDLE_LOADER = "$(TEST_HOST)";
				CODE_SIGN_STYLE = Automatic;
				DEVELOPMENT_TEAM = QZL9U7K99K;
				INFOPLIST_FILE = "Instagram-DemoTests/Info.plist";
				LD_RUNPATH_SEARCH_PATHS = (
					"$(inherited)",
					"@executable_path/Frameworks",
					"@loader_path/Frameworks",
				);
				PRODUCT_BUNDLE_IDENTIFIER = "codepath.Instagram-DemoTests";
				PRODUCT_NAME = "$(TARGET_NAME)";
				SWIFT_VERSION = 4.2;
				TARGETED_DEVICE_FAMILY = "1,2";
				TEST_HOST = "$(BUILT_PRODUCTS_DIR)/Instagram-Demo.app/Instagram-Demo";
			};
			name = Debug;
		};
		2190A3E3215DAA1E0057A41B /* Release */ = {
			isa = XCBuildConfiguration;
			baseConfigurationReference = C0EA3E6BF65FB363042F2C03 /* Pods-Instagram-DemoTests.release.xcconfig */;
			buildSettings = {
				ALWAYS_EMBED_SWIFT_STANDARD_LIBRARIES = YES;
				BUNDLE_LOADER = "$(TEST_HOST)";
				CODE_SIGN_STYLE = Automatic;
				DEVELOPMENT_TEAM = QZL9U7K99K;
				INFOPLIST_FILE = "Instagram-DemoTests/Info.plist";
				LD_RUNPATH_SEARCH_PATHS = (
					"$(inherited)",
					"@executable_path/Frameworks",
					"@loader_path/Frameworks",
				);
				PRODUCT_BUNDLE_IDENTIFIER = "codepath.Instagram-DemoTests";
				PRODUCT_NAME = "$(TARGET_NAME)";
				SWIFT_VERSION = 4.2;
				TARGETED_DEVICE_FAMILY = "1,2";
				TEST_HOST = "$(BUILT_PRODUCTS_DIR)/Instagram-Demo.app/Instagram-Demo";
			};
			name = Release;
		};
		2190A3E5215DAA1E0057A41B /* Debug */ = {
			isa = XCBuildConfiguration;
			baseConfigurationReference = D7D6595D1EA8BF7B176C64D9 /* Pods-Instagram-DemoUITests.debug.xcconfig */;
			buildSettings = {
				ALWAYS_EMBED_SWIFT_STANDARD_LIBRARIES = YES;
				CODE_SIGN_STYLE = Automatic;
				DEVELOPMENT_TEAM = QZL9U7K99K;
				INFOPLIST_FILE = "Instagram-DemoUITests/Info.plist";
				LD_RUNPATH_SEARCH_PATHS = (
					"$(inherited)",
					"@executable_path/Frameworks",
					"@loader_path/Frameworks",
				);
				PRODUCT_BUNDLE_IDENTIFIER = "codepath.Instagram-DemoUITests";
				PRODUCT_NAME = "$(TARGET_NAME)";
				SWIFT_VERSION = 4.2;
				TARGETED_DEVICE_FAMILY = "1,2";
				TEST_TARGET_NAME = "Instagram-Demo";
			};
			name = Debug;
		};
		2190A3E6215DAA1E0057A41B /* Release */ = {
			isa = XCBuildConfiguration;
			baseConfigurationReference = 55B492C0E4E67BD2D7E0AF3D /* Pods-Instagram-DemoUITests.release.xcconfig */;
			buildSettings = {
				ALWAYS_EMBED_SWIFT_STANDARD_LIBRARIES = YES;
				CODE_SIGN_STYLE = Automatic;
				DEVELOPMENT_TEAM = QZL9U7K99K;
				INFOPLIST_FILE = "Instagram-DemoUITests/Info.plist";
				LD_RUNPATH_SEARCH_PATHS = (
					"$(inherited)",
					"@executable_path/Frameworks",
					"@loader_path/Frameworks",
				);
				PRODUCT_BUNDLE_IDENTIFIER = "codepath.Instagram-DemoUITests";
				PRODUCT_NAME = "$(TARGET_NAME)";
				SWIFT_VERSION = 4.2;
				TARGETED_DEVICE_FAMILY = "1,2";
				TEST_TARGET_NAME = "Instagram-Demo";
			};
			name = Release;
		};
/* End XCBuildConfiguration section */

/* Begin XCConfigurationList section */
		2190A3B1215DAA1D0057A41B /* Build configuration list for PBXProject "Instagram-Demo" */ = {
			isa = XCConfigurationList;
			buildConfigurations = (
				2190A3DC215DAA1E0057A41B /* Debug */,
				2190A3DD215DAA1E0057A41B /* Release */,
			);
			defaultConfigurationIsVisible = 0;
			defaultConfigurationName = Release;
		};
		2190A3DE215DAA1E0057A41B /* Build configuration list for PBXNativeTarget "Instagram-Demo" */ = {
			isa = XCConfigurationList;
			buildConfigurations = (
				2190A3DF215DAA1E0057A41B /* Debug */,
				2190A3E0215DAA1E0057A41B /* Release */,
			);
			defaultConfigurationIsVisible = 0;
			defaultConfigurationName = Release;
		};
		2190A3E1215DAA1E0057A41B /* Build configuration list for PBXNativeTarget "Instagram-DemoTests" */ = {
			isa = XCConfigurationList;
			buildConfigurations = (
				2190A3E2215DAA1E0057A41B /* Debug */,
				2190A3E3215DAA1E0057A41B /* Release */,
			);
			defaultConfigurationIsVisible = 0;
			defaultConfigurationName = Release;
		};
		2190A3E4215DAA1E0057A41B /* Build configuration list for PBXNativeTarget "Instagram-DemoUITests" */ = {
			isa = XCConfigurationList;
			buildConfigurations = (
				2190A3E5215DAA1E0057A41B /* Debug */,
				2190A3E6215DAA1E0057A41B /* Release */,
			);
			defaultConfigurationIsVisible = 0;
			defaultConfigurationName = Release;
		};
/* End XCConfigurationList section */
	};
	rootObject = 2190A3AE215DAA1D0057A41B /* Project object */;
}
